{
  "name": "libracore-web",
  "version": "1.1.5",
  "lockfileVersion": 3,
  "requires": true,
  "packages": {
    "": {
      "name": "libracore-web",
      "version": "1.1.5",
      "dependencies": {
        "react": "19.2.8",
        "react-dom": "19.2.8"
      },
      "devDependencies": {
        "@types/node": "24.13.3"
      }
    }
  }
}
